
Microsoft Visual Studio Solution File, Format Version 12.00
# Visual Studio 15
VisualStudioVersion = 15.0.28307.1300
MinimumVisualStudioVersion = 10.0.40219.1
Project("{FAE04EC0-301F-11D3-BF4B-00C04F79EFBC}") = "poc_pcr_for_Tester", "poc_pcr_for_Tester\poc_pcr_for_Tester.csproj", "{18D2ABF6-C275-4FD6-83D4-01545F0387AA}"
EndProject
Global
	GlobalSection(SolutionConfigurationPlatforms) = preSolution
		Debug|Any CPU = Debug|Any CPU
		Release|Any CPU = Release|Any CPU
	EndGlobalSection
	GlobalSection(ProjectConfigurationPlatforms) = postSolution
		{18D2ABF6-C275-4FD6-83D4-01545F0387AA}.Debug|Any CPU.ActiveCfg = Debug|Any CPU
		{18D2ABF6-C275-4FD6-83D4-01545F0387AA}.Debug|Any CPU.Build.0 = Debug|Any CPU
		{18D2ABF6-C275-4FD6-83D4-01545F0387AA}.Release|Any CPU.ActiveCfg = Release|Any CPU
		{18D2ABF6-C275-4FD6-83D4-01545F0387AA}.Release|Any CPU.Build.0 = Release|Any CPU
	EndGlobalSection
	GlobalSection(SolutionProperties) = preSolution
		HideSolutionNode = FALSE
	EndGlobalSection
	GlobalSection(ExtensibilityGlobals) = postSolution
		SolutionGuid = {5A415BF0-F93B-443D-BD81-9AF5153512BA}
	EndGlobalSection
EndGlobal
